
Microsoft Visual Studio Solution File, Format Version 12.00
# Visual Studio 15
VisualStudioVersion = 15.0.27703.2026
MinimumVisualStudioVersion = 10.0.40219.1
Project("{9A19103F-16F7-4668-BE54-9A1E7A4F7556}") = "Mocosha.ChatApp.Server", "Mocosha.ChatApp\Mocosha.ChatApp.Server.csproj", "{4342E786-1FDF-4313-8B08-D8A8D4DA3351}"
EndProject
Project("{9A19103F-16F7-4668-BE54-9A1E7A4F7556}") = "Mocosha.ChatApp.Client", "Mocosha.ChatApp.Client\Mocosha.ChatApp.Client.csproj", "{2F67F505-0F50-4323-87FF-919E2CB8C8B3}"
EndProject
Project("{9A19103F-16F7-4668-BE54-9A1E7A4F7556}") = "Mocosha.ChatApp.Core", "Mocosha.ChatApp.Core\Mocosha.ChatApp.Core.csproj", "{82B81B33-DA93-479F-BBF8-AF705F1631B2}"
EndProject
Project("{9A19103F-16F7-4668-BE54-9A1E7A4F7556}") = "Mocosha.ChatApp.Library", "Mocosha.ChatApp.Library\Mocosha.ChatApp.Library.csproj", "{447C42F0-D30C-4F9D-9B1B-FC31A0E65034}"
EndProject
Project("{9A19103F-16F7-4668-BE54-9A1E7A4F7556}") = "Mocosha.ChatApp.ConsoleApp", "Mocosha.ChatApp.ConsoleApp\Mocosha.ChatApp.ConsoleApp.csproj", "{82609DBF-4A3E-42C5-9C23-273BED26EAF9}"
EndProject
Global
	GlobalSection(SolutionConfigurationPlatforms) = preSolution
		Debug|Any CPU = Debug|Any CPU
		Release|Any CPU = Release|Any CPU
	EndGlobalSection
	GlobalSection(ProjectConfigurationPlatforms) = postSolution
		{4342E786-1FDF-4313-8B08-D8A8D4DA3351}.Debug|Any CPU.ActiveCfg = Debug|Any CPU
		{4342E786-1FDF-4313-8B08-D8A8D4DA3351}.Debug|Any CPU.Build.0 = Debug|Any CPU
		{4342E786-1FDF-4313-8B08-D8A8D4DA3351}.Release|Any CPU.ActiveCfg = Release|Any CPU
		{4342E786-1FDF-4313-8B08-D8A8D4DA3351}.Release|Any CPU.Build.0 = Release|Any CPU
		{2F67F505-0F50-4323-87FF-919E2CB8C8B3}.Debug|Any CPU.ActiveCfg = Debug|Any CPU
		{2F67F505-0F50-4323-87FF-919E2CB8C8B3}.Debug|Any CPU.Build.0 = Debug|Any CPU
		{2F67F505-0F50-4323-87FF-919E2CB8C8B3}.Release|Any CPU.ActiveCfg = Release|Any CPU
		{2F67F505-0F50-4323-87FF-919E2CB8C8B3}.Release|Any CPU.Build.0 = Release|Any CPU
		{82B81B33-DA93-479F-BBF8-AF705F1631B2}.Debug|Any CPU.ActiveCfg = Debug|Any CPU
		{82B81B33-DA93-479F-BBF8-AF705F1631B2}.Debug|Any CPU.Build.0 = Debug|Any CPU
		{82B81B33-DA93-479F-BBF8-AF705F1631B2}.Release|Any CPU.ActiveCfg = Release|Any CPU
		{82B81B33-DA93-479F-BBF8-AF705F1631B2}.Release|Any CPU.Build.0 = Release|Any CPU
		{447C42F0-D30C-4F9D-9B1B-FC31A0E65034}.Debug|Any CPU.ActiveCfg = Debug|Any CPU
		{447C42F0-D30C-4F9D-9B1B-FC31A0E65034}.Debug|Any CPU.Build.0 = Debug|Any CPU
		{447C42F0-D30C-4F9D-9B1B-FC31A0E65034}.Release|Any CPU.ActiveCfg = Release|Any CPU
		{447C42F0-D30C-4F9D-9B1B-FC31A0E65034}.Release|Any CPU.Build.0 = Release|Any CPU
		{82609DBF-4A3E-42C5-9C23-273BED26EAF9}.Debug|Any CPU.ActiveCfg = Debug|Any CPU
		{82609DBF-4A3E-42C5-9C23-273BED26EAF9}.Debug|Any CPU.Build.0 = Debug|Any CPU
		{82609DBF-4A3E-42C5-9C23-273BED26EAF9}.Release|Any CPU.ActiveCfg = Release|Any CPU
		{82609DBF-4A3E-42C5-9C23-273BED26EAF9}.Release|Any CPU.Build.0 = Release|Any CPU
	EndGlobalSection
	GlobalSection(SolutionProperties) = preSolution
		HideSolutionNode = FALSE
	EndGlobalSection
	GlobalSection(ExtensibilityGlobals) = postSolution
		SolutionGuid = {9C661908-D9DC-42CD-ABEC-57A53EA07FC8}
	EndGlobalSection
EndGlobal
